// !$*UTF8*$!
{
	archiveVersion = 1;
	classes = {
	};
	objectVersion = 46;
	objects = {

/* Begin PBXBuildFile section */
		4D2306721F67C3620022D998 /* main.m in Sources */ = {isa = PBXBuildFile; fileRef = 4D2306711F67C3620022D998 /* main.m */; };
		4D2306751F67C3620022D998 /* AppDelegate.m in Sources */ = {isa = PBXBuildFile; fileRef = 4D2306741F67C3620022D998 /* AppDelegate.m */; };
		4D2306781F67C3620022D998 /* ViewController.m in Sources */ = {isa = PBXBuildFile; fileRef = 4D2306771F67C3620022D998 /* ViewController.m */; };
		4D23067B1F67C3620022D998 /* Main.storyboard in Resources */ = {isa = PBXBuildFile; fileRef = 4D2306791F67C3620022D998 /* Main.storyboard */; };
		4D23067D1F67C3620022D998 /* Assets.xcassets in Resources */ = {isa = PBXBuildFile; fileRef = 4D23067C1F67C3620022D998 /* Assets.xcassets */; };
		4D2306801F67C3620022D998 /* LaunchScreen.storyboard in Resources */ = {isa = PBXBuildFile; fileRef = 4D23067E1F67C3620022D998 /* LaunchScreen.storyboard */; };
		4D23068B1F67C3620022D998 /* OrderCollectionTests.m in Sources */ = {isa = PBXBuildFile; fileRef = 4D23068A1F67C3620022D998 /* OrderCollectionTests.m */; };
		4D2306961F67C3620022D998 /* OrderCollectionUITests.m in Sources */ = {isa = PBXBuildFile; fileRef = 4D2306951F67C3620022D998 /* OrderCollectionUITests.m */; };
		4D2306A71F67C3790022D998 /* CollectionViewCell.m in Sources */ = {isa = PBXBuildFile; fileRef = 4D2306A41F67C3790022D998 /* CollectionViewCell.m */; };
		4D2306A81F67C3790022D998 /* TitleCollectionReusableView.m in Sources */ = {isa = PBXBuildFile; fileRef = 4D2306A61F67C3790022D998 /* TitleCollectionReusableView.m */; };
		4D2306C31F67C4BD0022D998 /* MASCompositeConstraint.m in Sources */ = {isa = PBXBuildFile; fileRef = 4D2306AB1F67C4BD0022D998 /* MASCompositeConstraint.m */; };
		4D2306C41F67C4BD0022D998 /* MASConstraint.m in Sources */ = {isa = PBXBuildFile; fileRef = 4D2306AE1F67C4BD0022D998 /* MASConstraint.m */; };
		4D2306C51F67C4BD0022D998 /* MASConstraintMaker.m in Sources */ = {isa = PBXBuildFile; fileRef = 4D2306B01F67C4BD0022D998 /* MASConstraintMaker.m */; };
		4D2306C61F67C4BD0022D998 /* MASLayoutConstraint.m in Sources */ = {isa = PBXBuildFile; fileRef = 4D2306B21F67C4BD0022D998 /* MASLayoutConstraint.m */; };
		4D2306C71F67C4BD0022D998 /* MASViewAttribute.m in Sources */ = {isa = PBXBuildFile; fileRef = 4D2306B61F67C4BD0022D998 /* MASViewAttribute.m */; };
		4D2306C81F67C4BD0022D998 /* MASViewConstraint.m in Sources */ = {isa = PBXBuildFile; fileRef = 4D2306B81F67C4BD0022D998 /* MASViewConstraint.m */; };
		4D2306C91F67C4BD0022D998 /* NSArray+MASAdditions.m in Sources */ = {isa = PBXBuildFile; fileRef = 4D2306BA1F67C4BD0022D998 /* NSArray+MASAdditions.m */; };
		4D2306CA1F67C4BD0022D998 /* NSLayoutConstraint+MASDebugAdditions.m in Sources */ = {isa = PBXBuildFile; fileRef = 4D2306BD1F67C4BD0022D998 /* NSLayoutConstraint+MASDebugAdditions.m */; };
		4D2306CB1F67C4BD0022D998 /* View+MASAdditions.m in Sources */ = {isa = PBXBuildFile; fileRef = 4D2306BF1F67C4BD0022D998 /* View+MASAdditions.m */; };
		4D2306CC1F67C4BD0022D998 /* ViewController+MASAdditions.m in Sources */ = {isa = PBXBuildFile; fileRef = 4D2306C21F67C4BD0022D998 /* ViewController+MASAdditions.m */; };
/* End PBXBuildFile section */

/* Begin PBXContainerItemProxy section */
		4D2306871F67C3620022D998 /* PBXContainerItemProxy */ = {
			isa = PBXContainerItemProxy;
			containerPortal = 4D2306651F67C3620022D998 /* Project object */;
			proxyType = 1;
			remoteGlobalIDString = 4D23066C1F67C3620022D998;
			remoteInfo = OrderCollection;
		};
		4D2306921F67C3620022D998 /* PBXContainerItemProxy */ = {
			isa = PBXContainerItemProxy;
			containerPortal = 4D2306651F67C3620022D998 /* Project object */;
			proxyType = 1;
			remoteGlobalIDString = 4D23066C1F67C3620022D998;
			remoteInfo = OrderCollection;
		};
/* End PBXContainerItemProxy section */

/* Begin PBXFileReference section */
		4D23066D1F67C3620022D998 /* OrderCollection.app */ = {isa = PBXFileReference; explicitFileType = wrapper.application; includeInIndex = 0; path = OrderCollection.app; sourceTree = BUILT_PRODUCTS_DIR; };
		4D2306711F67C3620022D998 /* main.m */ = {isa = PBXFileReference; lastKnownFileType = sourcecode.c.objc; path = main.m; sourceTree = "<group>"; };
		4D2306731F67C3620022D998 /* AppDelegate.h */ = {isa = PBXFileReference; lastKnownFileType = sourcecode.c.h; path = AppDelegate.h; sourceTree = "<group>"; };
		4D2306741F67C3620022D998 /* AppDelegate.m */ = {isa = PBXFileReference; lastKnownFileType = sourcecode.c.objc; path = AppDelegate.m; sourceTree = "<group>"; };
		4D2306761F67C3620022D998 /* ViewController.h */ = {isa = PBXFileReference; lastKnownFileType = sourcecode.c.h; path = ViewController.h; sourceTree = "<group>"; };
		4D2306771F67C3620022D998 /* ViewController.m */ = {isa = PBXFileReference; lastKnownFileType = sourcecode.c.objc; path = ViewController.m; sourceTree = "<group>"; };
		4D23067A1F67C3620022D998 /* Base */ = {isa = PBXFileReference; lastKnownFileType = file.storyboard; name = Base; path = Base.lproj/Main.storyboard; sourceTree = "<group>"; };
		4D23067C1F67C3620022D998 /* Assets.xcassets */ = {isa = PBXFileReference; lastKnownFileType = folder.assetcatalog; path = Assets.xcassets; sourceTree = "<group>"; };
		4D23067F1F67C3620022D998 /* Base */ = {isa = PBXFileReference; lastKnownFileType = file.storyboard; name = Base; path = Base.lproj/LaunchScreen.storyboard; sourceTree = "<group>"; };
		4D2306811F67C3620022D998 /* Info.plist */ = {isa = PBXFileReference; lastKnownFileType = text.plist.xml; path = Info.plist; sourceTree = "<group>"; };
		4D2306861F67C3620022D998 /* OrderCollectionTests.xctest */ = {isa = PBXFileReference; explicitFileType = wrapper.cfbundle; includeInIndex = 0; path = OrderCollectionTests.xctest; sourceTree = BUILT_PRODUCTS_DIR; };
		4D23068A1F67C3620022D998 /* OrderCollectionTests.m */ = {isa = PBXFileReference; lastKnownFileType = sourcecode.c.objc; path = OrderCollectionTests.m; sourceTree = "<group>"; };
		4D23068C1F67C3620022D998 /* Info.plist */ = {isa = PBXFileReference; lastKnownFileType = text.plist.xml; path = Info.plist; sourceTree = "<group>"; };
		4D2306911F67C3620022D998 /* OrderCollectionUITests.xctest */ = {isa = PBXFileReference; explicitFileType = wrapper.cfbundle; includeInIndex = 0; path = OrderCollectionUITests.xctest; sourceTree = BUILT_PRODUCTS_DIR; };
		4D2306951F67C3620022D998 /* OrderCollectionUITests.m */ = {isa = PBXFileReference; lastKnownFileType = sourcecode.c.objc; path = OrderCollectionUITests.m; sourceTree = "<group>"; };
		4D2306971F67C3620022D998 /* Info.plist */ = {isa = PBXFileReference; lastKnownFileType = text.plist.xml; path = Info.plist; sourceTree = "<group>"; };
		4D2306A31F67C3790022D998 /* CollectionViewCell.h */ = {isa = PBXFileReference; fileEncoding = 4; lastKnownFileType = sourcecode.c.h; path = CollectionViewCell.h; sourceTree = "<group>"; };
		4D2306A41F67C3790022D998 /* CollectionViewCell.m */ = {isa = PBXFileReference; fileEncoding = 4; lastKnownFileType = sourcecode.c.objc; path = CollectionViewCell.m; sourceTree = "<group>"; };
		4D2306A51F67C3790022D998 /* TitleCollectionReusableView.h */ = {isa = PBXFileReference; fileEncoding = 4; lastKnownFileType = sourcecode.c.h; path = TitleCollectionReusableView.h; sourceTree = "<group>"; };
		4D2306A61F67C3790022D998 /* TitleCollectionReusableView.m */ = {isa = PBXFileReference; fileEncoding = 4; lastKnownFileType = sourcecode.c.objc; path = TitleCollectionReusableView.m; sourceTree = "<group>"; };
		4D2306AA1F67C4BD0022D998 /* MASCompositeConstraint.h */ = {isa = PBXFileReference; fileEncoding = 4; lastKnownFileType = sourcecode.c.h; path = MASCompositeConstraint.h; sourceTree = "<group>"; };
		4D2306AB1F67C4BD0022D998 /* MASCompositeConstraint.m */ = {isa = PBXFileReference; fileEncoding = 4; lastKnownFileType = sourcecode.c.objc; path = MASCompositeConstraint.m; sourceTree = "<group>"; };
		4D2306AC1F67C4BD0022D998 /* MASConstraint+Private.h */ = {isa = PBXFileReference; fileEncoding = 4; lastKnownFileType = sourcecode.c.h; path = "MASConstraint+Private.h"; sourceTree = "<group>"; };
		4D2306AD1F67C4BD0022D998 /* MASConstraint.h */ = {isa = PBXFileReference; fileEncoding = 4; lastKnownFileType = sourcecode.c.h; path = MASConstraint.h; sourceTree = "<group>"; };
		4D2306AE1F67C4BD0022D998 /* MASConstraint.m */ = {isa = PBXFileReference; fileEncoding = 4; lastKnownFileType = sourcecode.c.objc; path = MASConstraint.m; sourceTree = "<group>"; };
		4D2306AF1F67C4BD0022D998 /* MASConstraintMaker.h */ = {isa = PBXFileReference; fileEncoding = 4; lastKnownFileType = sourcecode.c.h; path = MASConstraintMaker.h; sourceTree = "<group>"; };
		4D2306B01F67C4BD0022D998 /* MASConstraintMaker.m */ = {isa = PBXFileReference; fileEncoding = 4; lastKnownFileType = sourcecode.c.objc; path = MASConstraintMaker.m; sourceTree = "<group>"; };
		4D2306B11F67C4BD0022D998 /* MASLayoutConstraint.h */ = {isa = PBXFileReference; fileEncoding = 4; lastKnownFileType = sourcecode.c.h; path = MASLayoutConstraint.h; sourceTree = "<group>"; };
		4D2306B21F67C4BD0022D998 /* MASLayoutConstraint.m */ = {isa = PBXFileReference; fileEncoding = 4; lastKnownFileType = sourcecode.c.objc; path = MASLayoutConstraint.m; sourceTree = "<group>"; };
		4D2306B31F67C4BD0022D998 /* Masonry.h */ = {isa = PBXFileReference; fileEncoding = 4; lastKnownFileType = sourcecode.c.h; path = Masonry.h; sourceTree = "<group>"; };
		4D2306B41F67C4BD0022D998 /* MASUtilities.h */ = {isa = PBXFileReference; fileEncoding = 4; lastKnownFileType = sourcecode.c.h; path = MASUtilities.h; sourceTree = "<group>"; };
		4D2306B51F67C4BD0022D998 /* MASViewAttribute.h */ = {isa = PBXFileReference; fileEncoding = 4; lastKnownFileType = sourcecode.c.h; path = MASViewAttribute.h; sourceTree = "<group>"; };
		4D2306B61F67C4BD0022D998 /* MASViewAttribute.m */ = {isa = PBXFileReference; fileEncoding = 4; lastKnownFileType = sourcecode.c.objc; path = MASViewAttribute.m; sourceTree = "<group>"; };
		4D2306B71F67C4BD0022D998 /* MASViewConstraint.h */ = {isa = PBXFileReference; fileEncoding = 4; lastKnownFileType = sourcecode.c.h; path = MASViewConstraint.h; sourceTree = "<group>"; };
		4D2306B81F67C4BD0022D998 /* MASViewConstraint.m */ = {isa = PBXFileReference; fileEncoding = 4; lastKnownFileType = sourcecode.c.objc; path = MASViewConstraint.m; sourceTree = "<group>"; };
		4D2306B91F67C4BD0022D998 /* NSArray+MASAdditions.h */ = {isa = PBXFileReference; fileEncoding = 4; lastKnownFileType = sourcecode.c.h; path = "NSArray+MASAdditions.h"; sourceTree = "<group>"; };
		4D2306BA1F67C4BD0022D998 /* NSArray+MASAdditions.m */ = {isa = PBXFileReference; fileEncoding = 4; lastKnownFileType = sourcecode.c.objc; path = "NSArray+MASAdditions.m"; sourceTree = "<group>"; };
		4D2306BB1F67C4BD0022D998 /* NSArray+MASShorthandAdditions.h */ = {isa = PBXFileReference; fileEncoding = 4; lastKnownFileType = sourcecode.c.h; path = "NSArray+MASShorthandAdditions.h"; sourceTree = "<group>"; };
		4D2306BC1F67C4BD0022D998 /* NSLayoutConstraint+MASDebugAdditions.h */ = {isa = PBXFileReference; fileEncoding = 4; lastKnownFileType = sourcecode.c.h; path = "NSLayoutConstraint+MASDebugAdditions.h"; sourceTree = "<group>"; };
		4D2306BD1F67C4BD0022D998 /* NSLayoutConstraint+MASDebugAdditions.m */ = {isa = PBXFileReference; fileEncoding = 4; lastKnownFileType = sourcecode.c.objc; path = "NSLayoutConstraint+MASDebugAdditions.m"; sourceTree = "<group>"; };
		4D2306BE1F67C4BD0022D998 /* View+MASAdditions.h */ = {isa = PBXFileReference; fileEncoding = 4; lastKnownFileType = sourcecode.c.h; path = "View+MASAdditions.h"; sourceTree = "<group>"; };
		4D2306BF1F67C4BD0022D998 /* View+MASAdditions.m */ = {isa = PBXFileReference; fileEncoding = 4; lastKnownFileType = sourcecode.c.objc; path = "View+MASAdditions.m"; sourceTree = "<group>"; };
		4D2306C01F67C4BD0022D998 /* View+MASShorthandAdditions.h */ = {isa = PBXFileReference; fileEncoding = 4; lastKnownFileType = sourcecode.c.h; path = "View+MASShorthandAdditions.h"; sourceTree = "<group>"; };
		4D2306C11F67C4BD0022D998 /* ViewController+MASAdditions.h */ = {isa = PBXFileReference; fileEncoding = 4; lastKnownFileType = sourcecode.c.h; path = "ViewController+MASAdditions.h"; sourceTree = "<group>"; };
		4D2306C21F67C4BD0022D998 /* ViewController+MASAdditions.m */ = {isa = PBXFileReference; fileEncoding = 4; lastKnownFileType = sourcecode.c.objc; path = "ViewController+MASAdditions.m"; sourceTree = "<group>"; };
/* End PBXFileReference section */

/* Begin PBXFrameworksBuildPhase section */
		4D23066A1F67C3620022D998 /* Frameworks */ = {
			isa = PBXFrameworksBuildPhase;
			buildActionMask = 2147483647;
			files = (
			);
			runOnlyForDeploymentPostprocessing = 0;
		};
		4D2306831F67C3620022D998 /* Frameworks */ = {
			isa = PBXFrameworksBuildPhase;
			buildActionMask = 2147483647;
			files = (
			);
			runOnlyForDeploymentPostprocessing = 0;
		};
		4D23068E1F67C3620022D998 /* Frameworks */ = {
			isa = PBXFrameworksBuildPhase;
			buildActionMask = 2147483647;
			files = (
			);
			runOnlyForDeploymentPostprocessing = 0;
		};
/* End PBXFrameworksBuildPhase section */

/* Begin PBXGroup section */
		4D2306641F67C3620022D998 = {
			isa = PBXGroup;
			children = (
				4D23066F1F67C3620022D998 /* OrderCollection */,
				4D2306891F67C3620022D998 /* OrderCollectionTests */,
				4D2306941F67C3620022D998 /* OrderCollectionUITests */,
				4D23066E1F67C3620022D998 /* Products */,
			);
			sourceTree = "<group>";
		};
		4D23066E1F67C3620022D998 /* Products */ = {
			isa = PBXGroup;
			children = (
				4D23066D1F67C3620022D998 /* OrderCollection.app */,
				4D2306861F67C3620022D998 /* OrderCollectionTests.xctest */,
				4D2306911F67C3620022D998 /* OrderCollectionUITests.xctest */,
			);
			name = Products;
			sourceTree = "<group>";
		};
		4D23066F1F67C3620022D998 /* OrderCollection */ = {
			isa = PBXGroup;
			children = (
				4D2306731F67C3620022D998 /* AppDelegate.h */,
				4D2306741F67C3620022D998 /* AppDelegate.m */,
				4D2306761F67C3620022D998 /* ViewController.h */,
				4D2306771F67C3620022D998 /* ViewController.m */,
				4D2306A31F67C3790022D998 /* CollectionViewCell.h */,
				4D2306A41F67C3790022D998 /* CollectionViewCell.m */,
				4D2306A51F67C3790022D998 /* TitleCollectionReusableView.h */,
				4D2306A61F67C3790022D998 /* TitleCollectionReusableView.m */,
				4D2306A91F67C4BD0022D998 /* Masonry */,
				4D2306791F67C3620022D998 /* Main.storyboard */,
				4D23067C1F67C3620022D998 /* Assets.xcassets */,
				4D23067E1F67C3620022D998 /* LaunchScreen.storyboard */,
				4D2306811F67C3620022D998 /* Info.plist */,
				4D2306701F67C3620022D998 /* Supporting Files */,
			);
			path = OrderCollection;
			sourceTree = "<group>";
		};
		4D2306701F67C3620022D998 /* Supporting Files */ = {
			isa = PBXGroup;
			children = (
				4D2306711F67C3620022D998 /* main.m */,
			);
			name = "Supporting Files";
			sourceTree = "<group>";
		};
		4D2306891F67C3620022D998 /* OrderCollectionTests */ = {
			isa = PBXGroup;
			children = (
				4D23068A1F67C3620022D998 /* OrderCollectionTests.m */,
				4D23068C1F67C3620022D998 /* Info.plist */,
			);
			path = OrderCollectionTests;
			sourceTree = "<group>";
		};
		4D2306941F67C3620022D998 /* OrderCollectionUITests */ = {
			isa = PBXGroup;
			children = (
				4D2306951F67C3620022D998 /* OrderCollectionUITests.m */,
				4D2306971F67C3620022D998 /* Info.plist */,
			);
			path = OrderCollectionUITests;
			sourceTree = "<group>";
		};
		4D2306A91F67C4BD0022D998 /* Masonry */ = {
			isa = PBXGroup;
			children = (
				4D2306AA1F67C4BD0022D998 /* MASCompositeConstraint.h */,
				4D2306AB1F67C4BD0022D998 /* MASCompositeConstraint.m */,
				4D2306AC1F67C4BD0022D998 /* MASConstraint+Private.h */,
				4D2306AD1F67C4BD0022D998 /* MASConstraint.h */,
				4D2306AE1F67C4BD0022D998 /* MASConstraint.m */,
				4D2306AF1F67C4BD0022D998 /* MASConstraintMaker.h */,
				4D2306B01F67C4BD0022D998 /* MASConstraintMaker.m */,
				4D2306B11F67C4BD0022D998 /* MASLayoutConstraint.h */,
				4D2306B21F67C4BD0022D998 /* MASLayoutConstraint.m */,
				4D2306B31F67C4BD0022D998 /* Masonry.h */,
				4D2306B41F67C4BD0022D998 /* MASUtilities.h */,
				4D2306B51F67C4BD0022D998 /* MASViewAttribute.h */,
				4D2306B61F67C4BD0022D998 /* MASViewAttribute.m */,
				4D2306B71F67C4BD0022D998 /* MASViewConstraint.h */,
				4D2306B81F67C4BD0022D998 /* MASViewConstraint.m */,
				4D2306B91F67C4BD0022D998 /* NSArray+MASAdditions.h */,
				4D2306BA1F67C4BD0022D998 /* NSArray+MASAdditions.m */,
				4D2306BB1F67C4BD0022D998 /* NSArray+MASShorthandAdditions.h */,
				4D2306BC1F67C4BD0022D998 /* NSLayoutConstraint+MASDebugAdditions.h */,
				4D2306BD1F67C4BD0022D998 /* NSLayoutConstraint+MASDebugAdditions.m */,
				4D2306BE1F67C4BD0022D998 /* View+MASAdditions.h */,
				4D2306BF1F67C4BD0022D998 /* View+MASAdditions.m */,
				4D2306C01F67C4BD0022D998 /* View+MASShorthandAdditions.h */,
				4D2306C11F67C4BD0022D998 /* ViewController+MASAdditions.h */,
				4D2306C21F67C4BD0022D998 /* ViewController+MASAdditions.m */,
			);
			path = Masonry;
			sourceTree = "<group>";
		};
/* End PBXGroup section */

/* Begin PBXNativeTarget section */
		4D23066C1F67C3620022D998 /* OrderCollection */ = {
			isa = PBXNativeTarget;
			buildConfigurationList = 4D23069A1F67C3620022D998 /* Build configuration list for PBXNativeTarget "OrderCollection" */;
			buildPhases = (
				4D2306691F67C3620022D998 /* Sources */,
				4D23066A1F67C3620022D998 /* Frameworks */,
				4D23066B1F67C3620022D998 /* Resources */,
			);
			buildRules = (
			);
			dependencies = (
			);
			name = OrderCollection;
			productName = OrderCollection;
			productReference = 4D23066D1F67C3620022D998 /* OrderCollection.app */;
			productType = "com.apple.product-type.application";
		};
		4D2306851F67C3620022D998 /* OrderCollectionTests */ = {
			isa = PBXNativeTarget;
			buildConfigurationList = 4D23069D1F67C3620022D998 /* Build configuration list for PBXNativeTarget "OrderCollectionTests" */;
			buildPhases = (
				4D2306821F67C3620022D998 /* Sources */,
				4D2306831F67C3620022D998 /* Frameworks */,
				4D2306841F67C3620022D998 /* Resources */,
			);
			buildRules = (
			);
			dependencies = (
				4D2306881F67C3620022D998 /* PBXTargetDependency */,
			);
			name = OrderCollectionTests;
			productName = OrderCollectionTests;
			productReference = 4D2306861F67C3620022D998 /* OrderCollectionTests.xctest */;
			productType = "com.apple.product-type.bundle.unit-test";
		};
		4D2306901F67C3620022D998 /* OrderCollectionUITests */ = {
			isa = PBXNativeTarget;
			buildConfigurationList = 4D2306A01F67C3620022D998 /* Build configuration list for PBXNativeTarget "OrderCollectionUITests" */;
			buildPhases = (
				4D23068D1F67C3620022D998 /* Sources */,
				4D23068E1F67C3620022D998 /* Frameworks */,
				4D23068F1F67C3620022D998 /* Resources */,
			);
			buildRules = (
			);
			dependencies = (
				4D2306931F67C3620022D998 /* PBXTargetDependency */,
			);
			name = OrderCollectionUITests;
			productName = OrderCollectionUITests;
			productReference = 4D2306911F67C3620022D998 /* OrderCollectionUITests.xctest */;
			productType = "com.apple.product-type.bundle.ui-testing";
		};
/* End PBXNativeTarget section */

/* Begin PBXProject section */
		4D2306651F67C3620022D998 /* Project object */ = {
			isa = PBXProject;
			attributes = {
				LastUpgradeCheck = 0830;
				ORGANIZATIONNAME = ZZCN77;
				TargetAttributes = {
					4D23066C1F67C3620022D998 = {
						CreatedOnToolsVersion = 8.3.2;
						ProvisioningStyle = Automatic;
					};
					4D2306851F67C3620022D998 = {
						CreatedOnToolsVersion = 8.3.2;
						ProvisioningStyle = Automatic;
						TestTargetID = 4D23066C1F67C3620022D998;
					};
					4D2306901F67C3620022D998 = {
						CreatedOnToolsVersion = 8.3.2;
						ProvisioningStyle = Automatic;
						TestTargetID = 4D23066C1F67C3620022D998;
					};
				};
			};
			buildConfigurationList = 4D2306681F67C3620022D998 /* Build configuration list for PBXProject "OrderCollection" */;
			compatibilityVersion = "Xcode 3.2";
			developmentRegion = English;
			hasScannedForEncodings = 0;
			knownRegions = (
				en,
				Base,
			);
			mainGroup = 4D2306641F67C3620022D998;
			productRefGroup = 4D23066E1F67C3620022D998 /* Products */;
			projectDirPath = "";
			projectRoot = "";
			targets = (
				4D23066C1F67C3620022D998 /* OrderCollection */,
				4D2306851F67C3620022D998 /* OrderCollectionTests */,
				4D2306901F67C3620022D998 /* OrderCollectionUITests */,
			);
		};
/* End PBXProject section */

/* Begin PBXResourcesBuildPhase section */
		4D23066B1F67C3620022D998 /* Resources */ = {
			isa = PBXResourcesBuildPhase;
			buildActionMask = 2147483647;
			files = (
				4D2306801F67C3620022D998 /* LaunchScreen.storyboard in Resources */,
				4D23067D1F67C3620022D998 /* Assets.xcassets in Resources */,
				4D23067B1F67C3620022D998 /* Main.storyboard in Resources */,
			);
			runOnlyForDeploymentPostprocessing = 0;
		};
		4D2306841F67C3620022D998 /* Resources */ = {
			isa = PBXResourcesBuildPhase;
			buildActionMask = 2147483647;
			files = (
			);
			runOnlyForDeploymentPostprocessing = 0;
		};
		4D23068F1F67C3620022D998 /* Resources */ = {
			isa = PBXResourcesBuildPhase;
			buildActionMask = 2147483647;
			files = (
			);
			runOnlyForDeploymentPostprocessing = 0;
		};
/* End PBXResourcesBuildPhase section */

/* Begin PBXSourcesBuildPhase section */
		4D2306691F67C3620022D998 /* Sources */ = {
			isa = PBXSourcesBuildPhase;
			buildActionMask = 2147483647;
			files = (
				4D2306CA1F67C4BD0022D998 /* NSLayoutConstraint+MASDebugAdditions.m in Sources */,
				4D2306781F67C3620022D998 /* ViewController.m in Sources */,
				4D2306C81F67C4BD0022D998 /* MASViewConstraint.m in Sources */,
				4D2306751F67C3620022D998 /* AppDelegate.m in Sources */,
				4D2306A71F67C3790022D998 /* CollectionViewCell.m in Sources */,
				4D2306A81F67C3790022D998 /* TitleCollectionReusableView.m in Sources */,
				4D2306CB1F67C4BD0022D998 /* View+MASAdditions.m in Sources */,
				4D2306C31F67C4BD0022D998 /* MASCompositeConstraint.m in Sources */,
				4D2306C71F67C4BD0022D998 /* MASViewAttribute.m in Sources */,
				4D2306C51F67C4BD0022D998 /* MASConstraintMaker.m in Sources */,
				4D2306C91F67C4BD0022D998 /* NSArray+MASAdditions.m in Sources */,
				4D2306CC1F67C4BD0022D998 /* ViewController+MASAdditions.m in Sources */,
				4D2306C41F67C4BD0022D998 /* MASConstraint.m in Sources */,
				4D2306C61F67C4BD0022D998 /* MASLayoutConstraint.m in Sources */,
				4D2306721F67C3620022D998 /* main.m in Sources */,
			);
			runOnlyForDeploymentPostprocessing = 0;
		};
		4D2306821F67C3620022D998 /* Sources */ = {
			isa = PBXSourcesBuildPhase;
			buildActionMask = 2147483647;
			files = (
				4D23068B1F67C3620022D998 /* OrderCollectionTests.m in Sources */,
			);
			runOnlyForDeploymentPostprocessing = 0;
		};
		4D23068D1F67C3620022D998 /* Sources */ = {
			isa = PBXSourcesBuildPhase;
			buildActionMask = 2147483647;
			files = (
				4D2306961F67C3620022D998 /* OrderCollectionUITests.m in Sources */,
			);
			runOnlyForDeploymentPostprocessing = 0;
		};
/* End PBXSourcesBuildPhase section */

/* Begin PBXTargetDependency section */
		4D2306881F67C3620022D998 /* PBXTargetDependency */ = {
			isa = PBXTargetDependency;
			target = 4D23066C1F67C3620022D998 /* OrderCollection */;
			targetProxy = 4D2306871F67C3620022D998 /* PBXContainerItemProxy */;
		};
		4D2306931F67C3620022D998 /* PBXTargetDependency */ = {
			isa = PBXTargetDependency;
			target = 4D23066C1F67C3620022D998 /* OrderCollection */;
			targetProxy = 4D2306921F67C3620022D998 /* PBXContainerItemProxy */;
		};
/* End PBXTargetDependency section */

/* Begin PBXVariantGroup section */
		4D2306791F67C3620022D998 /* Main.storyboard */ = {
			isa = PBXVariantGroup;
			children = (
				4D23067A1F67C3620022D998 /* Base */,
			);
			name = Main.storyboard;
			sourceTree = "<group>";
		};
		4D23067E1F67C3620022D998 /* LaunchScreen.storyboard */ = {
			isa = PBXVariantGroup;
			children = (
				4D23067F1F67C3620022D998 /* Base */,
			);
			name = LaunchScreen.storyboard;
			sourceTree = "<group>";
		};
/* End PBXVariantGroup section */

/* Begin XCBuildConfiguration section */
		4D2306981F67C3620022D998 /* Debug */ = {
			isa = XCBuildConfiguration;
			buildSettings = {
				ALWAYS_SEARCH_USER_PATHS = NO;
				CLANG_ANALYZER_NONNULL = YES;
				CLANG_ANALYZER_NUMBER_OBJECT_CONVERSION = YES_AGGRESSIVE;
				CLANG_CXX_LANGUAGE_STANDARD = "gnu++0x";
				CLANG_CXX_LIBRARY = "libc++";
				CLANG_ENABLE_MODULES = YES;
				CLANG_ENABLE_OBJC_ARC = YES;
				CLANG_WARN_BOOL_CONVERSION = YES;
				CLANG_WARN_CONSTANT_CONVERSION = YES;
				CLANG_WARN_DIRECT_OBJC_ISA_USAGE = YES_ERROR;
				CLANG_WARN_DOCUMENTATION_COMMENTS = YES;
				CLANG_WARN_EMPTY_BODY = YES;
				CLANG_WARN_ENUM_CONVERSION = YES;
				CLANG_WARN_INFINITE_RECURSION = YES;
				CLANG_WARN_INT_CONVERSION = YES;
				CLANG_WARN_OBJC_ROOT_CLASS = YES_ERROR;
				CLANG_WARN_SUSPICIOUS_MOVE = YES;
				CLANG_WARN_UNREACHABLE_CODE = YES;
				CLANG_WARN__DUPLICATE_METHOD_MATCH = YES;
				"CODE_SIGN_IDENTITY[sdk=iphoneos*]" = "iPhone Developer";
				COPY_PHASE_STRIP = NO;
				DEBUG_INFORMATION_FORMAT = dwarf;
				ENABLE_STRICT_OBJC_MSGSEND = YES;
				ENABLE_TESTABILITY = YES;
				GCC_C_LANGUAGE_STANDARD = gnu99;
				GCC_DYNAMIC_NO_PIC = NO;
				GCC_NO_COMMON_BLOCKS = YES;
				GCC_OPTIMIZATION_LEVEL = 0;
				GCC_PREPROCESSOR_DEFINITIONS = (
					"DEBUG=1",
					"$(inherited)",
				);
				GCC_WARN_64_TO_32_BIT_CONVERSION = YES;
				GCC_WARN_ABOUT_RETURN_TYPE = YES_ERROR;
				GCC_WARN_UNDECLARED_SELECTOR = YES;
				GCC_WARN_UNINITIALIZED_AUTOS = YES_AGGRESSIVE;
				GCC_WARN_UNUSED_FUNCTION = YES;
				GCC_WARN_UNUSED_VARIABLE = YES;
				IPHONEOS_DEPLOYMENT_TARGET = 10.3;
				MTL_ENABLE_DEBUG_INFO = YES;
				ONLY_ACTIVE_ARCH = YES;
				SDKROOT = iphoneos;
				TARGETED_DEVICE_FAMILY = "1,2";
			};
			name = Debug;
		};
		4D2306991F67C3620022D998 /* Release */ = {
			isa = XCBuildConfiguration;
			buildSettings = {
				ALWAYS_SEARCH_USER_PATHS = NO;
				CLANG_ANALYZER_NONNULL = YES;
				CLANG_ANALYZER_NUMBER_OBJECT_CONVERSION = YES_AGGRESSIVE;
				CLANG_CXX_LANGUAGE_STANDARD = "gnu++0x";
				CLANG_CXX_LIBRARY = "libc++";
				CLANG_ENABLE_MODULES = YES;
				CLANG_ENABLE_OBJC_ARC = YES;
				CLANG_WARN_BOOL_CONVERSION = YES;
				CLANG_WARN_CONSTANT_CONVERSION = YES;
				CLANG_WARN_DIRECT_OBJC_ISA_USAGE = YES_ERROR;
				CLANG_WARN_DOCUMENTATION_COMMENTS = YES;
				CLANG_WARN_EMPTY_BODY = YES;
				CLANG_WARN_ENUM_CONVERSION = YES;
				CLANG_WARN_INFINITE_RECURSION = YES;
				CLANG_WARN_INT_CONVERSION = YES;
				CLANG_WARN_OBJC_ROOT_CLASS = YES_ERROR;
				CLANG_WARN_SUSPICIOUS_MOVE = YES;
				CLANG_WARN_UNREACHABLE_CODE = YES;
				CLANG_WARN__DUPLICATE_METHOD_MATCH = YES;
				"CODE_SIGN_IDENTITY[sdk=iphoneos*]" = "iPhone Developer";
				COPY_PHASE_STRIP = NO;
				DEBUG_INFORMATION_FORMAT = "dwarf-with-dsym";
				ENABLE_NS_ASSERTIONS = NO;
				ENABLE_STRICT_OBJC_MSGSEND = YES;
				GCC_C_LANGUAGE_STANDARD = gnu99;
				GCC_NO_COMMON_BLOCKS = YES;
				GCC_WARN_64_TO_32_BIT_CONVERSION = YES;
				GCC_WARN_ABOUT_RETURN_TYPE = YES_ERROR;
				GCC_WARN_UNDECLARED_SELECTOR = YES;
				GCC_WARN_UNINITIALIZED_AUTOS = YES_AGGRESSIVE;
				GCC_WARN_UNUSED_FUNCTION = YES;
				GCC_WARN_UNUSED_VARIABLE = YES;
				IPHONEOS_DEPLOYMENT_TARGET = 10.3;
				MTL_ENABLE_DEBUG_INFO = NO;
				SDKROOT = iphoneos;
				TARGETED_DEVICE_FAMILY = "1,2";
				VALIDATE_PRODUCT = YES;
			};
			name = Release;
		};
		4D23069B1F67C3620022D998 /* Debug */ = {
			isa = XCBuildConfiguration;
			buildSettings = {
				ASSETCATALOG_COMPILER_APPICON_NAME = AppIcon;
				INFOPLIST_FILE = OrderCollection/Info.plist;
				LD_RUNPATH_SEARCH_PATHS = "$(inherited) @executable_path/Frameworks";
				PRODUCT_BUNDLE_IDENTIFIER = gfg.OrderCollection;
				PRODUCT_NAME = "$(TARGET_NAME)";
			};
			name = Debug;
		};
		4D23069C1F67C3620022D998 /* Release */ = {
			isa = XCBuildConfiguration;
			buildSettings = {
				ASSETCATALOG_COMPILER_APPICON_NAME = AppIcon;
				INFOPLIST_FILE = OrderCollection/Info.plist;
				LD_RUNPATH_SEARCH_PATHS = "$(inherited) @executable_path/Frameworks";
				PRODUCT_BUNDLE_IDENTIFIER = gfg.OrderCollection;
				PRODUCT_NAME = "$(TARGET_NAME)";
			};
			name = Release;
		};
		4D23069E1F67C3620022D998 /* Debug */ = {
			isa = XCBuildConfiguration;
			buildSettings = {
				BUNDLE_LOADER = "$(TEST_HOST)";
				INFOPLIST_FILE = OrderCollectionTests/Info.plist;
				LD_RUNPATH_SEARCH_PATHS = "$(inherited) @executable_path/Frameworks @loader_path/Frameworks";
				PRODUCT_BUNDLE_IDENTIFIER = gfg.OrderCollectionTests;
				PRODUCT_NAME = "$(TARGET_NAME)";
				TEST_HOST = "$(BUILT_PRODUCTS_DIR)/OrderCollection.app/OrderCollection";
			};
			name = Debug;
		};
		4D23069F1F67C3620022D998 /* Release */ = {
			isa = XCBuildConfiguration;
			buildSettings = {
				BUNDLE_LOADER = "$(TEST_HOST)";
				INFOPLIST_FILE = OrderCollectionTests/Info.plist;
				LD_RUNPATH_SEARCH_PATHS = "$(inherited) @executable_path/Frameworks @loader_path/Frameworks";
				PRODUCT_BUNDLE_IDENTIFIER = gfg.OrderCollectionTests;
				PRODUCT_NAME = "$(TARGET_NAME)";
				TEST_HOST = "$(BUILT_PRODUCTS_DIR)/OrderCollection.app/OrderCollection";
			};
			name = Release;
		};
		4D2306A11F67C3620022D998 /* Debug */ = {
			isa = XCBuildConfiguration;
			buildSettings = {
				INFOPLIST_FILE = OrderCollectionUITests/Info.plist;
				LD_RUNPATH_SEARCH_PATHS = "$(inherited) @executable_path/Frameworks @loader_path/Frameworks";
				PRODUCT_BUNDLE_IDENTIFIER = gfg.OrderCollectionUITests;
				PRODUCT_NAME = "$(TARGET_NAME)";
				TEST_TARGET_NAME = OrderCollection;
			};
			name = Debug;
		};
		4D2306A21F67C3620022D998 /* Release */ = {
			isa = XCBuildConfiguration;
			buildSettings = {
				INFOPLIST_FILE = OrderCollectionUITests/Info.plist;
				LD_RUNPATH_SEARCH_PATHS = "$(inherited) @executable_path/Frameworks @loader_path/Frameworks";
				PRODUCT_BUNDLE_IDENTIFIER = gfg.OrderCollectionUITests;
				PRODUCT_NAME = "$(TARGET_NAME)";
				TEST_TARGET_NAME = OrderCollection;
			};
			name = Release;
		};
/* End XCBuildConfiguration section */

/* Begin XCConfigurationList section */
		4D2306681F67C3620022D998 /* Build configuration list for PBXProject "OrderCollection" */ = {
			isa = XCConfigurationList;
			buildConfigurations = (
				4D2306981F67C3620022D998 /* Debug */,
				4D2306991F67C3620022D998 /* Release */,
			);
			defaultConfigurationIsVisible = 0;
			defaultConfigurationName = Release;
		};
		4D23069A1F67C3620022D998 /* Build configuration list for PBXNativeTarget "OrderCollection" */ = {
			isa = XCConfigurationList;
			buildConfigurations = (
				4D23069B1F67C3620022D998 /* Debug */,
				4D23069C1F67C3620022D998 /* Release */,
			);
			defaultConfigurationIsVisible = 0;
			defaultConfigurationName = Release;
		};
		4D23069D1F67C3620022D998 /* Build configuration list for PBXNativeTarget "OrderCollectionTests" */ = {
			isa = XCConfigurationList;
			buildConfigurations = (
				4D23069E1F67C3620022D998 /* Debug */,
				4D23069F1F67C3620022D998 /* Release */,
			);
			defaultConfigurationIsVisible = 0;
			defaultConfigurationName = Release;
		};
		4D2306A01F67C3620022D998 /* Build configuration list for PBXNativeTarget "OrderCollectionUITests" */ = {
			isa = XCConfigurationList;
			buildConfigurations = (
				4D2306A11F67C3620022D998 /* Debug */,
				4D2306A21F67C3620022D998 /* Release */,
			);
			defaultConfigurationIsVisible = 0;
			defaultConfigurationName = Release;
		};
/* End XCConfigurationList section */
	};
	rootObject = 4D2306651F67C3620022D998 /* Project object */;
}
